
Microsoft Visual Studio Solution File, Format Version 12.00
# Visual Studio Version 16
VisualStudioVersion = 16.0.34031.81
MinimumVisualStudioVersion = 10.0.40219.1
Project("{2150E333-8FDC-42A3-9474-1A3956D46DE8}") = "Task0", "Task0", "{52FF7FE1-5DE1-4D08-A248-CEE73F32530D}"
EndProject
Project("{FAE04EC0-301F-11D3-BF4B-00C04F79EFBC}") = "Tyuiu.MenshikovEA.Sprint2.Task0.V28", "Tyuiu.MenshikovEA.Sprint2.Task0.V28\Tyuiu.MenshikovEA.Sprint2.Task0.V28.csproj", "{BB66AACD-F119-4329-A285-B6A19B4D1F7B}"
EndProject
Project("{FAE04EC0-301F-11D3-BF4B-00C04F79EFBC}") = "Tyuiu.MenshikovEA.Sprint2.Task0.V28.Lib", "Tyuiu.MenshikovEA.Sprint2.Task0.V28.Lib\Tyuiu.MenshikovEA.Sprint2.Task0.V28.Lib.csproj", "{2F90846F-CE1E-4D48-A850-06A7A49DA0DC}"
EndProject
Project("{FAE04EC0-301F-11D3-BF4B-00C04F79EFBC}") = "Tyuiu.MenshikovEA.Sprint2.Task0.V28.Test", "Tyuiu.MenshikovEA.Sprint2.Task0.V28.Test\Tyuiu.MenshikovEA.Sprint2.Task0.V28.Test.csproj", "{E9974054-5834-4602-BB9A-56609E5FE438}"
EndProject
Project("{2150E333-8FDC-42A3-9474-1A3956D46DE8}") = "Task1", "Task1", "{B0AF79B6-C182-4CA7-923C-72B4B4984945}"
EndProject
Project("{FAE04EC0-301F-11D3-BF4B-00C04F79EFBC}") = "Tyuiu.MenshikovEA.Sprint2.Task1.V21", "Tyuiu.MenshikovEA.Sprint2.Task1.V21\Tyuiu.MenshikovEA.Sprint2.Task1.V21.csproj", "{B84A147A-6112-4900-8CFA-1647A715E2B8}"
EndProject
Project("{FAE04EC0-301F-11D3-BF4B-00C04F79EFBC}") = "Tyuiu.MenshikovEA.Sprint2.Task1.V21.Lib", "Tyuiu.MenshikovEA.Sprint2.Task1.V21.Lib\Tyuiu.MenshikovEA.Sprint2.Task1.V21.Lib.csproj", "{F545D02C-027E-4761-ADA1-DCB976790A42}"
EndProject
Project("{FAE04EC0-301F-11D3-BF4B-00C04F79EFBC}") = "Tyuiu.MenshikovEA.Sprint2.Task1.V21.Test", "Tyuiu.MenshikovEA.Sprint2.Task1.V21.Test\Tyuiu.MenshikovEA.Sprint2.Task1.V21.Test.csproj", "{8C5179C7-F95F-46D4-982E-4AE195668FED}"
EndProject
Project("{2150E333-8FDC-42A3-9474-1A3956D46DE8}") = "Task2", "Task2", "{AB2CCE51-7033-4851-B453-D25627885F52}"
EndProject
Project("{FAE04EC0-301F-11D3-BF4B-00C04F79EFBC}") = "Tyuiu.MenshikovEA.Sprint2.Task2.V4", "Tyuiu.MenshikovEA.Sprint2.Task2.V4\Tyuiu.MenshikovEA.Sprint2.Task2.V4.csproj", "{835830DA-65DA-4744-B756-F49113E7257E}"
EndProject
Project("{FAE04EC0-301F-11D3-BF4B-00C04F79EFBC}") = "Tyuiu.MenshikovEA.Sprint2.Task2.V4.Lib", "Tyuiu.MenshikovEA.Sprint2.Task2.V4.Lib\Tyuiu.MenshikovEA.Sprint2.Task2.V4.Lib.csproj", "{413E512B-6D15-472A-91C1-4CA60909573C}"
EndProject
Project("{FAE04EC0-301F-11D3-BF4B-00C04F79EFBC}") = "Tyuiu.MenshikovEA.Sprint2.Task2.V4.Test", "Tyuiu.MenshikovEA.Sprint2.Task2.V4.Test\Tyuiu.MenshikovEA.Sprint2.Task2.V4.Test.csproj", "{28264FB4-742C-44DA-8C0A-6762AFA349EE}"
EndProject
Project("{2150E333-8FDC-42A3-9474-1A3956D46DE8}") = "Task3", "Task3", "{E1577EB0-FF27-4561-B377-7CE365EE6309}"
EndProject
Project("{FAE04EC0-301F-11D3-BF4B-00C04F79EFBC}") = "Tyuiu.MenshikovEA.Sprint2.Task3.V6", "Tyuiu.MenshikovEA.Sprint2.Task3.V6\Tyuiu.MenshikovEA.Sprint2.Task3.V6.csproj", "{83C8FCB1-EC61-43F4-8CF9-35A4CCE88E73}"
EndProject
Project("{FAE04EC0-301F-11D3-BF4B-00C04F79EFBC}") = "Tyuiu.MenshikovEA.Sprint2.Task3.V6.Lib", "Tyuiu.MenshikovEA.Sprint2.Task3.V6.Lib\Tyuiu.MenshikovEA.Sprint2.Task3.V6.Lib.csproj", "{445FA5E7-53E9-4F72-8A05-BB2A97AF17AC}"
EndProject
Project("{FAE04EC0-301F-11D3-BF4B-00C04F79EFBC}") = "Tyuiu.MenshikovEA.Sprint2.Task3.V6.Test", "Tyuiu.MenshikovEA.Sprint2.Task3.V6.Test\Tyuiu.MenshikovEA.Sprint2.Task3.V6.Test.csproj", "{D5119F9B-DED7-4280-BD75-62EAE786BF68}"
EndProject
Project("{2150E333-8FDC-42A3-9474-1A3956D46DE8}") = "Task4", "Task4", "{91F1D4BB-D2AD-444C-BBDF-E74AACF1FA5D}"
EndProject
Project("{FAE04EC0-301F-11D3-BF4B-00C04F79EFBC}") = "Tyuiu.MenshikovEA.Sprint2.Task4.V6", "Tyuiu.MenshikovEA.Sprint2.Task4.V6\Tyuiu.MenshikovEA.Sprint2.Task4.V6.csproj", "{62260ED9-7D53-4111-8F1D-94B9A7EB96EF}"
EndProject
Project("{FAE04EC0-301F-11D3-BF4B-00C04F79EFBC}") = "Tyuiu.MenshikovEA.Sprint2.Task4.V6.Lib", "Tyuiu.MenshikovEA.Sprint2.Task4.V6.Lib\Tyuiu.MenshikovEA.Sprint2.Task4.V6.Lib.csproj", "{DFD57EEA-6527-40C8-AF68-95F32B7EE507}"
EndProject
Project("{FAE04EC0-301F-11D3-BF4B-00C04F79EFBC}") = "Tyuiu.MenshikovEA.Sprint2.Task4.V6.Test", "Tyuiu.MenshikovEA.Sprint2.Task4.V6.Test\Tyuiu.MenshikovEA.Sprint2.Task4.V6.Test.csproj", "{B58E41B9-315E-4706-BD43-454F2A3E8F96}"
EndProject
Project("{2150E333-8FDC-42A3-9474-1A3956D46DE8}") = "Task5", "Task5", "{A065964F-5638-46F0-A735-E92E44A48040}"
EndProject
Project("{FAE04EC0-301F-11D3-BF4B-00C04F79EFBC}") = "Tyuiu.MenshikovEA.Sprint2.Task5.V14", "Tyuiu.MenshikovEA.Sprint2.Task5.V14\Tyuiu.MenshikovEA.Sprint2.Task5.V14.csproj", "{9435A8AC-02E9-40BB-B531-FD5E4FB1A663}"
EndProject
Project("{FAE04EC0-301F-11D3-BF4B-00C04F79EFBC}") = "Tyuiu.MenshikovEA.Sprint2.Task5.V14.Lib", "Tyuiu.MenshikovEA.Sprint2.Task5.V14.Lib\Tyuiu.MenshikovEA.Sprint2.Task5.V14.Lib.csproj", "{6D2383F0-F1D6-4CC0-914E-708359B016C8}"
EndProject
Project("{FAE04EC0-301F-11D3-BF4B-00C04F79EFBC}") = "Tyuiu.MenshikovEA.Sprint2.Task5.V14.Test", "Tyuiu.MenshikovEA.Sprint2.Task5.V14.Test\Tyuiu.MenshikovEA.Sprint2.Task5.V14.Test.csproj", "{79701005-FBAC-4EC6-BEE3-BFD759ED4E0A}"
EndProject
Global
	GlobalSection(SolutionConfigurationPlatforms) = preSolution
		Debug|Any CPU = Debug|Any CPU
		Release|Any CPU = Release|Any CPU
	EndGlobalSection
	GlobalSection(ProjectConfigurationPlatforms) = postSolution
		{BB66AACD-F119-4329-A285-B6A19B4D1F7B}.Debug|Any CPU.ActiveCfg = Debug|Any CPU
		{BB66AACD-F119-4329-A285-B6A19B4D1F7B}.Debug|Any CPU.Build.0 = Debug|Any CPU
		{BB66AACD-F119-4329-A285-B6A19B4D1F7B}.Release|Any CPU.ActiveCfg = Release|Any CPU
		{BB66AACD-F119-4329-A285-B6A19B4D1F7B}.Release|Any CPU.Build.0 = Release|Any CPU
		{2F90846F-CE1E-4D48-A850-06A7A49DA0DC}.Debug|Any CPU.ActiveCfg = Debug|Any CPU
		{2F90846F-CE1E-4D48-A850-06A7A49DA0DC}.Debug|Any CPU.Build.0 = Debug|Any CPU
		{2F90846F-CE1E-4D48-A850-06A7A49DA0DC}.Release|Any CPU.ActiveCfg = Release|Any CPU
		{2F90846F-CE1E-4D48-A850-06A7A49DA0DC}.Release|Any CPU.Build.0 = Release|Any CPU
		{E9974054-5834-4602-BB9A-56609E5FE438}.Debug|Any CPU.ActiveCfg = Debug|Any CPU
		{E9974054-5834-4602-BB9A-56609E5FE438}.Debug|Any CPU.Build.0 = Debug|Any CPU
		{E9974054-5834-4602-BB9A-56609E5FE438}.Release|Any CPU.ActiveCfg = Release|Any CPU
		{E9974054-5834-4602-BB9A-56609E5FE438}.Release|Any CPU.Build.0 = Release|Any CPU
		{B84A147A-6112-4900-8CFA-1647A715E2B8}.Debug|Any CPU.ActiveCfg = Debug|Any CPU
		{B84A147A-6112-4900-8CFA-1647A715E2B8}.Debug|Any CPU.Build.0 = Debug|Any CPU
		{B84A147A-6112-4900-8CFA-1647A715E2B8}.Release|Any CPU.ActiveCfg = Release|Any CPU
		{B84A147A-6112-4900-8CFA-1647A715E2B8}.Release|Any CPU.Build.0 = Release|Any CPU
		{F545D02C-027E-4761-ADA1-DCB976790A42}.Debug|Any CPU.ActiveCfg = Debug|Any CPU
		{F545D02C-027E-4761-ADA1-DCB976790A42}.Debug|Any CPU.Build.0 = Debug|Any CPU
		{F545D02C-027E-4761-ADA1-DCB976790A42}.Release|Any CPU.ActiveCfg = Release|Any CPU
		{F545D02C-027E-4761-ADA1-DCB976790A42}.Release|Any CPU.Build.0 = Release|Any CPU
		{8C5179C7-F95F-46D4-982E-4AE195668FED}.Debug|Any CPU.ActiveCfg = Debug|Any CPU
		{8C5179C7-F95F-46D4-982E-4AE195668FED}.Debug|Any CPU.Build.0 = Debug|Any CPU
		{8C5179C7-F95F-46D4-982E-4AE195668FED}.Release|Any CPU.ActiveCfg = Release|Any CPU
		{8C5179C7-F95F-46D4-982E-4AE195668FED}.Release|Any CPU.Build.0 = Release|Any CPU
		{835830DA-65DA-4744-B756-F49113E7257E}.Debug|Any CPU.ActiveCfg = Debug|Any CPU
		{835830DA-65DA-4744-B756-F49113E7257E}.Debug|Any CPU.Build.0 = Debug|Any CPU
		{835830DA-65DA-4744-B756-F49113E7257E}.Release|Any CPU.ActiveCfg = Release|Any CPU
		{835830DA-65DA-4744-B756-F49113E7257E}.Release|Any CPU.Build.0 = Release|Any CPU
		{413E512B-6D15-472A-91C1-4CA60909573C}.Debug|Any CPU.ActiveCfg = Debug|Any CPU
		{413E512B-6D15-472A-91C1-4CA60909573C}.Debug|Any CPU.Build.0 = Debug|Any CPU
		{413E512B-6D15-472A-91C1-4CA60909573C}.Release|Any CPU.ActiveCfg = Release|Any CPU
		{413E512B-6D15-472A-91C1-4CA60909573C}.Release|Any CPU.Build.0 = Release|Any CPU
		{28264FB4-742C-44DA-8C0A-6762AFA349EE}.Debug|Any CPU.ActiveCfg = Debug|Any CPU
		{28264FB4-742C-44DA-8C0A-6762AFA349EE}.Debug|Any CPU.Build.0 = Debug|Any CPU
		{28264FB4-742C-44DA-8C0A-6762AFA349EE}.Release|Any CPU.ActiveCfg = Release|Any CPU
		{28264FB4-742C-44DA-8C0A-6762AFA349EE}.Release|Any CPU.Build.0 = Release|Any CPU
		{83C8FCB1-EC61-43F4-8CF9-35A4CCE88E73}.Debug|Any CPU.ActiveCfg = Debug|Any CPU
		{83C8FCB1-EC61-43F4-8CF9-35A4CCE88E73}.Debug|Any CPU.Build.0 = Debug|Any CPU
		{83C8FCB1-EC61-43F4-8CF9-35A4CCE88E73}.Release|Any CPU.ActiveCfg = Release|Any CPU
		{83C8FCB1-EC61-43F4-8CF9-35A4CCE88E73}.Release|Any CPU.Build.0 = Release|Any CPU
		{445FA5E7-53E9-4F72-8A05-BB2A97AF17AC}.Debug|Any CPU.ActiveCfg = Debug|Any CPU
		{445FA5E7-53E9-4F72-8A05-BB2A97AF17AC}.Debug|Any CPU.Build.0 = Debug|Any CPU
		{445FA5E7-53E9-4F72-8A05-BB2A97AF17AC}.Release|Any CPU.ActiveCfg = Release|Any CPU
		{445FA5E7-53E9-4F72-8A05-BB2A97AF17AC}.Release|Any CPU.Build.0 = Release|Any CPU
		{D5119F9B-DED7-4280-BD75-62EAE786BF68}.Debug|Any CPU.ActiveCfg = Debug|Any CPU
		{D5119F9B-DED7-4280-BD75-62EAE786BF68}.Debug|Any CPU.Build.0 = Debug|Any CPU
		{D5119F9B-DED7-4280-BD75-62EAE786BF68}.Release|Any CPU.ActiveCfg = Release|Any CPU
		{D5119F9B-DED7-4280-BD75-62EAE786BF68}.Release|Any CPU.Build.0 = Release|Any CPU
		{62260ED9-7D53-4111-8F1D-94B9A7EB96EF}.Debug|Any CPU.ActiveCfg = Debug|Any CPU
		{62260ED9-7D53-4111-8F1D-94B9A7EB96EF}.Debug|Any CPU.Build.0 = Debug|Any CPU
		{62260ED9-7D53-4111-8F1D-94B9A7EB96EF}.Release|Any CPU.ActiveCfg = Release|Any CPU
		{62260ED9-7D53-4111-8F1D-94B9A7EB96EF}.Release|Any CPU.Build.0 = Release|Any CPU
		{DFD57EEA-6527-40C8-AF68-95F32B7EE507}.Debug|Any CPU.ActiveCfg = Debug|Any CPU
		{DFD57EEA-6527-40C8-AF68-95F32B7EE507}.Debug|Any CPU.Build.0 = Debug|Any CPU
		{DFD57EEA-6527-40C8-AF68-95F32B7EE507}.Release|Any CPU.ActiveCfg = Release|Any CPU
		{DFD57EEA-6527-40C8-AF68-95F32B7EE507}.Release|Any CPU.Build.0 = Release|Any CPU
		{B58E41B9-315E-4706-BD43-454F2A3E8F96}.Debug|Any CPU.ActiveCfg = Debug|Any CPU
		{B58E41B9-315E-4706-BD43-454F2A3E8F96}.Debug|Any CPU.Build.0 = Debug|Any CPU
		{B58E41B9-315E-4706-BD43-454F2A3E8F96}.Release|Any CPU.ActiveCfg = Release|Any CPU
		{B58E41B9-315E-4706-BD43-454F2A3E8F96}.Release|Any CPU.Build.0 = Release|Any CPU
		{9435A8AC-02E9-40BB-B531-FD5E4FB1A663}.Debug|Any CPU.ActiveCfg = Debug|Any CPU
		{9435A8AC-02E9-40BB-B531-FD5E4FB1A663}.Debug|Any CPU.Build.0 = Debug|Any CPU
		{9435A8AC-02E9-40BB-B531-FD5E4FB1A663}.Release|Any CPU.ActiveCfg = Release|Any CPU
		{9435A8AC-02E9-40BB-B531-FD5E4FB1A663}.Release|Any CPU.Build.0 = Release|Any CPU
		{6D2383F0-F1D6-4CC0-914E-708359B016C8}.Debug|Any CPU.ActiveCfg = Debug|Any CPU
		{6D2383F0-F1D6-4CC0-914E-708359B016C8}.Debug|Any CPU.Build.0 = Debug|Any CPU
		{6D2383F0-F1D6-4CC0-914E-708359B016C8}.Release|Any CPU.ActiveCfg = Release|Any CPU
		{6D2383F0-F1D6-4CC0-914E-708359B016C8}.Release|Any CPU.Build.0 = Release|Any CPU
		{79701005-FBAC-4EC6-BEE3-BFD759ED4E0A}.Debug|Any CPU.ActiveCfg = Debug|Any CPU
		{79701005-FBAC-4EC6-BEE3-BFD759ED4E0A}.Debug|Any CPU.Build.0 = Debug|Any CPU
		{79701005-FBAC-4EC6-BEE3-BFD759ED4E0A}.Release|Any CPU.ActiveCfg = Release|Any CPU
		{79701005-FBAC-4EC6-BEE3-BFD759ED4E0A}.Release|Any CPU.Build.0 = Release|Any CPU
	EndGlobalSection
	GlobalSection(SolutionProperties) = preSolution
		HideSolutionNode = FALSE
	EndGlobalSection
	GlobalSection(NestedProjects) = preSolution
		{BB66AACD-F119-4329-A285-B6A19B4D1F7B} = {52FF7FE1-5DE1-4D08-A248-CEE73F32530D}
		{2F90846F-CE1E-4D48-A850-06A7A49DA0DC} = {52FF7FE1-5DE1-4D08-A248-CEE73F32530D}
		{E9974054-5834-4602-BB9A-56609E5FE438} = {52FF7FE1-5DE1-4D08-A248-CEE73F32530D}
		{B84A147A-6112-4900-8CFA-1647A715E2B8} = {B0AF79B6-C182-4CA7-923C-72B4B4984945}
		{F545D02C-027E-4761-ADA1-DCB976790A42} = {B0AF79B6-C182-4CA7-923C-72B4B4984945}
		{8C5179C7-F95F-46D4-982E-4AE195668FED} = {B0AF79B6-C182-4CA7-923C-72B4B4984945}
		{835830DA-65DA-4744-B756-F49113E7257E} = {AB2CCE51-7033-4851-B453-D25627885F52}
		{413E512B-6D15-472A-91C1-4CA60909573C} = {AB2CCE51-7033-4851-B453-D25627885F52}
		{28264FB4-742C-44DA-8C0A-6762AFA349EE} = {AB2CCE51-7033-4851-B453-D25627885F52}
		{83C8FCB1-EC61-43F4-8CF9-35A4CCE88E73} = {E1577EB0-FF27-4561-B377-7CE365EE6309}
		{445FA5E7-53E9-4F72-8A05-BB2A97AF17AC} = {E1577EB0-FF27-4561-B377-7CE365EE6309}
		{D5119F9B-DED7-4280-BD75-62EAE786BF68} = {E1577EB0-FF27-4561-B377-7CE365EE6309}
		{62260ED9-7D53-4111-8F1D-94B9A7EB96EF} = {91F1D4BB-D2AD-444C-BBDF-E74AACF1FA5D}
		{DFD57EEA-6527-40C8-AF68-95F32B7EE507} = {91F1D4BB-D2AD-444C-BBDF-E74AACF1FA5D}
		{B58E41B9-315E-4706-BD43-454F2A3E8F96} = {91F1D4BB-D2AD-444C-BBDF-E74AACF1FA5D}
		{9435A8AC-02E9-40BB-B531-FD5E4FB1A663} = {A065964F-5638-46F0-A735-E92E44A48040}
		{6D2383F0-F1D6-4CC0-914E-708359B016C8} = {A065964F-5638-46F0-A735-E92E44A48040}
		{79701005-FBAC-4EC6-BEE3-BFD759ED4E0A} = {A065964F-5638-46F0-A735-E92E44A48040}
	EndGlobalSection
	GlobalSection(ExtensibilityGlobals) = postSolution
		SolutionGuid = {D877568C-10BF-4345-A68A-5ED315493264}
	EndGlobalSection
EndGlobal
